
Microsoft Visual Studio Solution File, Format Version 11.00
# Visual Studio 2010
Project("{FAE04EC0-301F-11D3-BF4B-00C04F79EFBC}") = "CSVFiles", "CSVFiles\CSVFiles.csproj", "{6E4167A6-688A-47E6-AB0E-22113C3B701B}"
EndProject
Global
	GlobalSection(SolutionConfigurationPlatforms) = preSolution
		Debug|Any CPU = Debug|Any CPU
		Release|Any CPU = Release|Any CPU
	EndGlobalSection
	GlobalSection(ProjectConfigurationPlatforms) = postSolution
		{6E4167A6-688A-47E6-AB0E-22113C3B701B}.Debug|Any CPU.ActiveCfg = Debug|Any CPU
		{6E4167A6-688A-47E6-AB0E-22113C3B701B}.Debug|Any CPU.Build.0 = Debug|Any CPU
		{6E4167A6-688A-47E6-AB0E-22113C3B701B}.Release|Any CPU.ActiveCfg = Release|Any CPU
		{6E4167A6-688A-47E6-AB0E-22113C3B701B}.Release|Any CPU.Build.0 = Release|Any CPU
	EndGlobalSection
	GlobalSection(SolutionProperties) = preSolution
		HideSolutionNode = FALSE
	EndGlobalSection
EndGlobal
